
Microsoft Visual Studio Solution File, Format Version 12.00
# Visual Studio Version 17
VisualStudioVersion = 17.8.34330.188
MinimumVisualStudioVersion = 10.0.40219.1
Project("{9A19103F-16F7-4668-BE54-9A1E7A4F7556}") = "TestTetacom", "TestTetacom\TestTetacom.csproj", "{D1571FED-A0E3-494F-85BD-96185CCCF05F}"
EndProject
Project("{E53339B2-1760-4266-BCC7-CA923CBCF16C}") = "docker-compose", "docker-compose.dcproj", "{F9C16E8C-23CE-4C7A-AD38-257B65BF42CE}"
EndProject
Global
	GlobalSection(SolutionConfigurationPlatforms) = preSolution
		Debug|Any CPU = Debug|Any CPU
		Release|Any CPU = Release|Any CPU
	EndGlobalSection
	GlobalSection(ProjectConfigurationPlatforms) = postSolution
		{D1571FED-A0E3-494F-85BD-96185CCCF05F}.Debug|Any CPU.ActiveCfg = Debug|Any CPU
		{D1571FED-A0E3-494F-85BD-96185CCCF05F}.Debug|Any CPU.Build.0 = Debug|Any CPU
		{D1571FED-A0E3-494F-85BD-96185CCCF05F}.Release|Any CPU.ActiveCfg = Release|Any CPU
		{D1571FED-A0E3-494F-85BD-96185CCCF05F}.Release|Any CPU.Build.0 = Release|Any CPU
		{F9C16E8C-23CE-4C7A-AD38-257B65BF42CE}.Debug|Any CPU.ActiveCfg = Debug|Any CPU
		{F9C16E8C-23CE-4C7A-AD38-257B65BF42CE}.Debug|Any CPU.Build.0 = Debug|Any CPU
		{F9C16E8C-23CE-4C7A-AD38-257B65BF42CE}.Release|Any CPU.ActiveCfg = Release|Any CPU
		{F9C16E8C-23CE-4C7A-AD38-257B65BF42CE}.Release|Any CPU.Build.0 = Release|Any CPU
	EndGlobalSection
	GlobalSection(SolutionProperties) = preSolution
		HideSolutionNode = FALSE
	EndGlobalSection
	GlobalSection(ExtensibilityGlobals) = postSolution
		SolutionGuid = {8A33135E-712F-4ACA-9D27-1F25AD9AF276}
	EndGlobalSection
EndGlobal
